# This file is automatically @generated by Cargo.
# It is not intended for manual editing.
version = 3

[[package]]
name = "index-map"
version = "0.1.0"
source = "registry+https://github.com/rust-lang/crates.io-index"
checksum = "3ea06ad425513b4cac7d2a1b3fc36b518281e74a96b9739d9a34e7a4151dbb48"

[[package]]
name = "variables"
version = "0.1.0"
dependencies = [
 "index-map",
]
